
Microsoft Visual Studio Solution File, Format Version 12.00
# Visual Studio Version 16
VisualStudioVersion = 16.0.29503.13
MinimumVisualStudioVersion = 10.0.40219.1
Project("{FAE04EC0-301F-11D3-BF4B-00C04F79EFBC}") = "SwigyFoodVendor", "SwigyFoodVendor\SwigyFoodVendor.csproj", "{50D78E92-6157-4A42-BB87-79348E526410}"
EndProject
Project("{FAE04EC0-301F-11D3-BF4B-00C04F79EFBC}") = "SwigyDataRepository.Data", "SwigyDataRepository.Data\SwigyDataRepository.Data.csproj", "{20B2FBEB-50B5-4BB9-9E92-6219766CFF15}"
EndProject
Global
	GlobalSection(SolutionConfigurationPlatforms) = preSolution
		Debug|Any CPU = Debug|Any CPU
		Release|Any CPU = Release|Any CPU
	EndGlobalSection
	GlobalSection(ProjectConfigurationPlatforms) = postSolution
		{50D78E92-6157-4A42-BB87-79348E526410}.Debug|Any CPU.ActiveCfg = Debug|Any CPU
		{50D78E92-6157-4A42-BB87-79348E526410}.Debug|Any CPU.Build.0 = Debug|Any CPU
		{50D78E92-6157-4A42-BB87-79348E526410}.Release|Any CPU.ActiveCfg = Release|Any CPU
		{50D78E92-6157-4A42-BB87-79348E526410}.Release|Any CPU.Build.0 = Release|Any CPU
		{20B2FBEB-50B5-4BB9-9E92-6219766CFF15}.Debug|Any CPU.ActiveCfg = Debug|Any CPU
		{20B2FBEB-50B5-4BB9-9E92-6219766CFF15}.Debug|Any CPU.Build.0 = Debug|Any CPU
		{20B2FBEB-50B5-4BB9-9E92-6219766CFF15}.Release|Any CPU.ActiveCfg = Release|Any CPU
		{20B2FBEB-50B5-4BB9-9E92-6219766CFF15}.Release|Any CPU.Build.0 = Release|Any CPU
	EndGlobalSection
	GlobalSection(SolutionProperties) = preSolution
		HideSolutionNode = FALSE
	EndGlobalSection
	GlobalSection(ExtensibilityGlobals) = postSolution
		SolutionGuid = {35FBE8C4-3499-4CE7-B2DB-8198274E516C}
	EndGlobalSection
EndGlobal
