
Microsoft Visual Studio Solution File, Format Version 12.00
# Visual Studio Version 16
VisualStudioVersion = 16.0.29503.13
MinimumVisualStudioVersion = 10.0.40219.1
Project("{FAE04EC0-301F-11D3-BF4B-00C04F79EFBC}") = "Books.Entities", "Book.Entities\Books.Entities.csproj", "{305D5DA5-BAA9-4225-A8CA-3FAA6C0FC4BB}"
EndProject
Project("{FAE04EC0-301F-11D3-BF4B-00C04F79EFBC}") = "Books.Web", "Books.Web\Books.Web.csproj", "{681EDCC4-D48D-4E21-B344-0168D7C81E23}"
EndProject
Global
	GlobalSection(SolutionConfigurationPlatforms) = preSolution
		Debug|Any CPU = Debug|Any CPU
		Release|Any CPU = Release|Any CPU
	EndGlobalSection
	GlobalSection(ProjectConfigurationPlatforms) = postSolution
		{305D5DA5-BAA9-4225-A8CA-3FAA6C0FC4BB}.Debug|Any CPU.ActiveCfg = Debug|Any CPU
		{305D5DA5-BAA9-4225-A8CA-3FAA6C0FC4BB}.Debug|Any CPU.Build.0 = Debug|Any CPU
		{305D5DA5-BAA9-4225-A8CA-3FAA6C0FC4BB}.Release|Any CPU.ActiveCfg = Release|Any CPU
		{305D5DA5-BAA9-4225-A8CA-3FAA6C0FC4BB}.Release|Any CPU.Build.0 = Release|Any CPU
		{681EDCC4-D48D-4E21-B344-0168D7C81E23}.Debug|Any CPU.ActiveCfg = Debug|Any CPU
		{681EDCC4-D48D-4E21-B344-0168D7C81E23}.Debug|Any CPU.Build.0 = Debug|Any CPU
		{681EDCC4-D48D-4E21-B344-0168D7C81E23}.Release|Any CPU.ActiveCfg = Release|Any CPU
		{681EDCC4-D48D-4E21-B344-0168D7C81E23}.Release|Any CPU.Build.0 = Release|Any CPU
	EndGlobalSection
	GlobalSection(SolutionProperties) = preSolution
		HideSolutionNode = FALSE
	EndGlobalSection
	GlobalSection(ExtensibilityGlobals) = postSolution
		SolutionGuid = {B008DCFE-F6D7-4AB5-815A-DDC30232C600}
	EndGlobalSection
EndGlobal
