
Microsoft Visual Studio Solution File, Format Version 12.00
# Visual Studio Version 16
VisualStudioVersion = 16.0.29503.13
MinimumVisualStudioVersion = 10.0.40219.1
Project("{FAE04EC0-301F-11D3-BF4B-00C04F79EFBC}") = "5_Controls_ASP.NET", "5_Controls_ASP.NET\5_Controls_ASP.NET.csproj", "{76FDF0C4-34E6-40AE-AA9F-0CE3FC0B5B8D}"
EndProject
Global
	GlobalSection(SolutionConfigurationPlatforms) = preSolution
		Debug|Any CPU = Debug|Any CPU
		Release|Any CPU = Release|Any CPU
	EndGlobalSection
	GlobalSection(ProjectConfigurationPlatforms) = postSolution
		{76FDF0C4-34E6-40AE-AA9F-0CE3FC0B5B8D}.Debug|Any CPU.ActiveCfg = Debug|Any CPU
		{76FDF0C4-34E6-40AE-AA9F-0CE3FC0B5B8D}.Debug|Any CPU.Build.0 = Debug|Any CPU
		{76FDF0C4-34E6-40AE-AA9F-0CE3FC0B5B8D}.Release|Any CPU.ActiveCfg = Release|Any CPU
		{76FDF0C4-34E6-40AE-AA9F-0CE3FC0B5B8D}.Release|Any CPU.Build.0 = Release|Any CPU
	EndGlobalSection
	GlobalSection(SolutionProperties) = preSolution
		HideSolutionNode = FALSE
	EndGlobalSection
	GlobalSection(ExtensibilityGlobals) = postSolution
		SolutionGuid = {0549B330-BC94-4F28-A4E4-4BFECA3A32FD}
	EndGlobalSection
EndGlobal
